// !$*UTF8*$!
{
	archiveVersion = 1;
	classes = {
	};
	objectVersion = 46;
	objects = {

/* Begin PBXBuildFile section */
		3F976C951ACA3A9C004573AB /* getSN.m in Sources */ = {isa = PBXBuildFile; fileRef = 3F976C941ACA3A9C004573AB /* getSN.m */; };
		3F976C981ACA3BE6004573AB /* CoreLocation.framework in Frameworks */ = {isa = PBXBuildFile; fileRef = 3F976C971ACA3BE6004573AB /* CoreLocation.framework */; };
		3F976C9B1ACA3C13004573AB /* getLocation.m in Sources */ = {isa = PBXBuildFile; fileRef = 3F976C9A1ACA3C13004573AB /* getLocation.m */; };
		3F976C9D1ACA6393004573AB /* CoreMotion.framework in Frameworks */ = {isa = PBXBuildFile; fileRef = 3F976C9C1ACA6393004573AB /* CoreMotion.framework */; };
		3FE8873E1ACB9F4B00BDBCD1 /* CoreGraphics.framework in Frameworks */ = {isa = PBXBuildFile; fileRef = 3FE8873D1ACB9F4B00BDBCD1 /* CoreGraphics.framework */; };
		EE4759711AC8E57B00AD43D9 /* MeDetailViewController.m in Sources */ = {isa = PBXBuildFile; fileRef = EE4759701AC8E57B00AD43D9 /* MeDetailViewController.m */; };
		EE5C1CF51A9B92B3003AFF8D /* splash.png in Resources */ = {isa = PBXBuildFile; fileRef = EE5C1CF41A9B92B3003AFF8D /* splash.png */; };
		EE5C1CF91A9BD923003AFF8D /* Vanamo_Logo.png in Resources */ = {isa = PBXBuildFile; fileRef = EE5C1CF81A9BD923003AFF8D /* Vanamo_Logo.png */; };
		EE5C1CFB1A9BDAF2003AFF8D /* profile.png in Resources */ = {isa = PBXBuildFile; fileRef = EE5C1CFA1A9BDAF2003AFF8D /* profile.png */; };
		EE5C1CFD1A9BE02B003AFF8D /* me.png in Resources */ = {isa = PBXBuildFile; fileRef = EE5C1CFC1A9BE02B003AFF8D /* me.png */; };
		EE71CC0D1ACCD15B00DEA449 /* os8fo.png in Resources */ = {isa = PBXBuildFile; fileRef = EE71CC0A1ACCD15B00DEA449 /* os8fo.png */; };
		EE71CC0E1ACCD15B00DEA449 /* blankbutton.png in Resources */ = {isa = PBXBuildFile; fileRef = EE71CC0B1ACCD15B00DEA449 /* blankbutton.png */; };
		EE71CC0F1ACCD15B00DEA449 /* orange button.png in Resources */ = {isa = PBXBuildFile; fileRef = EE71CC0C1ACCD15B00DEA449 /* orange button.png */; };
		EE71CC111ACCD26E00DEA449 /* back1.jpg in Resources */ = {isa = PBXBuildFile; fileRef = EE71CC101ACCD26E00DEA449 /* back1.jpg */; };
		EE71CC131ACCD55A00DEA449 /* back2.jpg in Resources */ = {isa = PBXBuildFile; fileRef = EE71CC121ACCD55A00DEA449 /* back2.jpg */; };
		EE71CC151ACCDA7700DEA449 /* mc.png in Resources */ = {isa = PBXBuildFile; fileRef = EE71CC141ACCDA7700DEA449 /* mc.png */; };
		EE71CC171ACCDE1700DEA449 /* back3.jpeg in Resources */ = {isa = PBXBuildFile; fileRef = EE71CC161ACCDE1700DEA449 /* back3.jpeg */; };
		EE71CC1A1ACCE18F00DEA449 /* LoginViewController.m in Sources */ = {isa = PBXBuildFile; fileRef = EE71CC191ACCE18F00DEA449 /* LoginViewController.m */; };
		EE71CC1F1ACCF40D00DEA449 /* Info.png in Resources */ = {isa = PBXBuildFile; fileRef = EE71CC1E1ACCF40D00DEA449 /* Info.png */; };
		EE83EE2A1A9A686C006B3BBF /* main.m in Sources */ = {isa = PBXBuildFile; fileRef = EE83EE291A9A686C006B3BBF /* main.m */; };
		EE83EE2D1A9A686C006B3BBF /* AppDelegate.m in Sources */ = {isa = PBXBuildFile; fileRef = EE83EE2C1A9A686C006B3BBF /* AppDelegate.m */; };
		EE83EE301A9A686C006B3BBF /* MasterViewController.m in Sources */ = {isa = PBXBuildFile; fileRef = EE83EE2F1A9A686C006B3BBF /* MasterViewController.m */; };
		EE83EE331A9A686C006B3BBF /* DetailViewController.m in Sources */ = {isa = PBXBuildFile; fileRef = EE83EE321A9A686C006B3BBF /* DetailViewController.m */; };
		EE83EE361A9A686C006B3BBF /* Main.storyboard in Resources */ = {isa = PBXBuildFile; fileRef = EE83EE341A9A686C006B3BBF /* Main.storyboard */; };
		EE83EE381A9A686C006B3BBF /* Images.xcassets in Resources */ = {isa = PBXBuildFile; fileRef = EE83EE371A9A686C006B3BBF /* Images.xcassets */; };
		EE83EE3B1A9A686C006B3BBF /* LaunchScreen.xib in Resources */ = {isa = PBXBuildFile; fileRef = EE83EE391A9A686C006B3BBF /* LaunchScreen.xib */; };
		EE83EE471A9A686C006B3BBF /* RichPresenceTests.m in Sources */ = {isa = PBXBuildFile; fileRef = EE83EE461A9A686C006B3BBF /* RichPresenceTests.m */; };
		EE85F2F81ACE25770003A9A3 /* back4.png in Resources */ = {isa = PBXBuildFile; fileRef = EE85F2F71ACE25770003A9A3 /* back4.png */; };
		EE85F2FA1ACE2D8A0003A9A3 /* back5.png in Resources */ = {isa = PBXBuildFile; fileRef = EE85F2F91ACE2D8A0003A9A3 /* back5.png */; };
		EE85F2FE1ACE3B2E0003A9A3 /* back6.png in Resources */ = {isa = PBXBuildFile; fileRef = EE85F2FD1ACE3B2E0003A9A3 /* back6.png */; };
		EE85F3001ACE3EDB0003A9A3 /* logo.png in Resources */ = {isa = PBXBuildFile; fileRef = EE85F2FF1ACE3EDB0003A9A3 /* logo.png */; };
		EE8622A71AE0AEEE008D649D /* SignupViewController.m in Sources */ = {isa = PBXBuildFile; fileRef = EE8622A61AE0AEEE008D649D /* SignupViewController.m */; };
/* End PBXBuildFile section */

/* Begin PBXContainerItemProxy section */
		EE83EE411A9A686C006B3BBF /* PBXContainerItemProxy */ = {
			isa = PBXContainerItemProxy;
			containerPortal = EE83EE1C1A9A686C006B3BBF /* Project object */;
			proxyType = 1;
			remoteGlobalIDString = EE83EE231A9A686C006B3BBF;
			remoteInfo = RichPresence;
		};
/* End PBXContainerItemProxy section */

/* Begin PBXFileReference section */
		3F976C941ACA3A9C004573AB /* getSN.m */ = {isa = PBXFileReference; fileEncoding = 4; lastKnownFileType = sourcecode.c.objc; path = getSN.m; sourceTree = "<group>"; };
		3F976C961ACA3ABF004573AB /* getSN.h */ = {isa = PBXFileReference; lastKnownFileType = sourcecode.c.h; path = getSN.h; sourceTree = "<group>"; };
		3F976C971ACA3BE6004573AB /* CoreLocation.framework */ = {isa = PBXFileReference; lastKnownFileType = wrapper.framework; name = CoreLocation.framework; path = System/Library/Frameworks/CoreLocation.framework; sourceTree = SDKROOT; };
		3F976C991ACA3C03004573AB /* getLocation.h */ = {isa = PBXFileReference; lastKnownFileType = sourcecode.c.h; path = getLocation.h; sourceTree = "<group>"; };
		3F976C9A1ACA3C13004573AB /* getLocation.m */ = {isa = PBXFileReference; fileEncoding = 4; lastKnownFileType = sourcecode.c.objc; path = getLocation.m; sourceTree = "<group>"; };
		3F976C9C1ACA6393004573AB /* CoreMotion.framework */ = {isa = PBXFileReference; lastKnownFileType = wrapper.framework; name = CoreMotion.framework; path = System/Library/Frameworks/CoreMotion.framework; sourceTree = SDKROOT; };
		3FE8873D1ACB9F4B00BDBCD1 /* CoreGraphics.framework */ = {isa = PBXFileReference; lastKnownFileType = wrapper.framework; name = CoreGraphics.framework; path = System/Library/Frameworks/CoreGraphics.framework; sourceTree = SDKROOT; };
		EE47596F1AC8E57B00AD43D9 /* MeDetailViewController.h */ = {isa = PBXFileReference; fileEncoding = 4; lastKnownFileType = sourcecode.c.h; path = MeDetailViewController.h; sourceTree = "<group>"; };
		EE4759701AC8E57B00AD43D9 /* MeDetailViewController.m */ = {isa = PBXFileReference; fileEncoding = 4; lastKnownFileType = sourcecode.c.objc; path = MeDetailViewController.m; sourceTree = "<group>"; };
		EE5C1CF41A9B92B3003AFF8D /* splash.png */ = {isa = PBXFileReference; lastKnownFileType = image.png; path = splash.png; sourceTree = SOURCE_ROOT; };
		EE5C1CF81A9BD923003AFF8D /* Vanamo_Logo.png */ = {isa = PBXFileReference; lastKnownFileType = image.png; path = Vanamo_Logo.png; sourceTree = SOURCE_ROOT; };
		EE5C1CFA1A9BDAF2003AFF8D /* profile.png */ = {isa = PBXFileReference; lastKnownFileType = image.png; path = profile.png; sourceTree = SOURCE_ROOT; };
		EE5C1CFC1A9BE02B003AFF8D /* me.png */ = {isa = PBXFileReference; lastKnownFileType = image.png; path = me.png; sourceTree = SOURCE_ROOT; };
		EE71CC0A1ACCD15B00DEA449 /* os8fo.png */ = {isa = PBXFileReference; lastKnownFileType = image.png; path = os8fo.png; sourceTree = SOURCE_ROOT; };
		EE71CC0B1ACCD15B00DEA449 /* blankbutton.png */ = {isa = PBXFileReference; lastKnownFileType = image.png; path = blankbutton.png; sourceTree = SOURCE_ROOT; };
		EE71CC0C1ACCD15B00DEA449 /* orange button.png */ = {isa = PBXFileReference; lastKnownFileType = image.png; path = "orange button.png"; sourceTree = SOURCE_ROOT; };
		EE71CC101ACCD26E00DEA449 /* back1.jpg */ = {isa = PBXFileReference; lastKnownFileType = image.jpeg; path = back1.jpg; sourceTree = SOURCE_ROOT; };
		EE71CC121ACCD55A00DEA449 /* back2.jpg */ = {isa = PBXFileReference; lastKnownFileType = image.jpeg; path = back2.jpg; sourceTree = SOURCE_ROOT; };
		EE71CC141ACCDA7700DEA449 /* mc.png */ = {isa = PBXFileReference; lastKnownFileType = image.png; path = mc.png; sourceTree = SOURCE_ROOT; };
		EE71CC161ACCDE1700DEA449 /* back3.jpeg */ = {isa = PBXFileReference; lastKnownFileType = image.jpeg; path = back3.jpeg; sourceTree = SOURCE_ROOT; };
		EE71CC181ACCE18F00DEA449 /* LoginViewController.h */ = {isa = PBXFileReference; fileEncoding = 4; lastKnownFileType = sourcecode.c.h; path = LoginViewController.h; sourceTree = "<group>"; };
		EE71CC191ACCE18F00DEA449 /* LoginViewController.m */ = {isa = PBXFileReference; fileEncoding = 4; lastKnownFileType = sourcecode.c.objc; path = LoginViewController.m; sourceTree = "<group>"; };
		EE71CC1E1ACCF40D00DEA449 /* Info.png */ = {isa = PBXFileReference; lastKnownFileType = image.png; path = Info.png; sourceTree = SOURCE_ROOT; };
		EE83EE241A9A686C006B3BBF /* RichPresence.app */ = {isa = PBXFileReference; explicitFileType = wrapper.application; includeInIndex = 0; path = RichPresence.app; sourceTree = BUILT_PRODUCTS_DIR; };
		EE83EE281A9A686C006B3BBF /* Info.plist */ = {isa = PBXFileReference; lastKnownFileType = text.plist.xml; path = Info.plist; sourceTree = "<group>"; };
		EE83EE291A9A686C006B3BBF /* main.m */ = {isa = PBXFileReference; lastKnownFileType = sourcecode.c.objc; path = main.m; sourceTree = "<group>"; };
		EE83EE2B1A9A686C006B3BBF /* AppDelegate.h */ = {isa = PBXFileReference; lastKnownFileType = sourcecode.c.h; path = AppDelegate.h; sourceTree = "<group>"; };
		EE83EE2C1A9A686C006B3BBF /* AppDelegate.m */ = {isa = PBXFileReference; lastKnownFileType = sourcecode.c.objc; path = AppDelegate.m; sourceTree = "<group>"; };
		EE83EE2E1A9A686C006B3BBF /* MasterViewController.h */ = {isa = PBXFileReference; lastKnownFileType = sourcecode.c.h; path = MasterViewController.h; sourceTree = "<group>"; };
		EE83EE2F1A9A686C006B3BBF /* MasterViewController.m */ = {isa = PBXFileReference; lastKnownFileType = sourcecode.c.objc; path = MasterViewController.m; sourceTree = "<group>"; };
		EE83EE311A9A686C006B3BBF /* DetailViewController.h */ = {isa = PBXFileReference; lastKnownFileType = sourcecode.c.h; path = DetailViewController.h; sourceTree = "<group>"; };
		EE83EE321A9A686C006B3BBF /* DetailViewController.m */ = {isa = PBXFileReference; lastKnownFileType = sourcecode.c.objc; path = DetailViewController.m; sourceTree = "<group>"; };
		EE83EE351A9A686C006B3BBF /* Base */ = {isa = PBXFileReference; lastKnownFileType = file.storyboard; name = Base; path = Base.lproj/Main.storyboard; sourceTree = "<group>"; };
		EE83EE371A9A686C006B3BBF /* Images.xcassets */ = {isa = PBXFileReference; lastKnownFileType = folder.assetcatalog; path = Images.xcassets; sourceTree = "<group>"; };
		EE83EE3A1A9A686C006B3BBF /* Base */ = {isa = PBXFileReference; lastKnownFileType = file.xib; name = Base; path = Base.lproj/LaunchScreen.xib; sourceTree = "<group>"; };
		EE83EE401A9A686C006B3BBF /* RichPresenceTests.xctest */ = {isa = PBXFileReference; explicitFileType = wrapper.cfbundle; includeInIndex = 0; path = RichPresenceTests.xctest; sourceTree = BUILT_PRODUCTS_DIR; };
		EE83EE451A9A686C006B3BBF /* Info.plist */ = {isa = PBXFileReference; lastKnownFileType = text.plist.xml; path = Info.plist; sourceTree = "<group>"; };
		EE83EE461A9A686C006B3BBF /* RichPresenceTests.m */ = {isa = PBXFileReference; lastKnownFileType = sourcecode.c.objc; path = RichPresenceTests.m; sourceTree = "<group>"; };
		EE85F2F71ACE25770003A9A3 /* back4.png */ = {isa = PBXFileReference; lastKnownFileType = image.png; path = back4.png; sourceTree = SOURCE_ROOT; };
		EE85F2F91ACE2D8A0003A9A3 /* back5.png */ = {isa = PBXFileReference; lastKnownFileType = image.png; path = back5.png; sourceTree = SOURCE_ROOT; };
		EE85F2FD1ACE3B2E0003A9A3 /* back6.png */ = {isa = PBXFileReference; lastKnownFileType = image.png; path = back6.png; sourceTree = SOURCE_ROOT; };
		EE85F2FF1ACE3EDB0003A9A3 /* logo.png */ = {isa = PBXFileReference; lastKnownFileType = image.png; path = logo.png; sourceTree = SOURCE_ROOT; };
		EE8622A51AE0AEEE008D649D /* SignupViewController.h */ = {isa = PBXFileReference; fileEncoding = 4; lastKnownFileType = sourcecode.c.h; path = SignupViewController.h; sourceTree = "<group>"; };
		EE8622A61AE0AEEE008D649D /* SignupViewController.m */ = {isa = PBXFileReference; fileEncoding = 4; lastKnownFileType = sourcecode.c.objc; path = SignupViewController.m; sourceTree = "<group>"; };
/* End PBXFileReference section */

/* Begin PBXFrameworksBuildPhase section */
		EE83EE211A9A686C006B3BBF /* Frameworks */ = {
			isa = PBXFrameworksBuildPhase;
			buildActionMask = 2147483647;
			files = (
				3FE8873E1ACB9F4B00BDBCD1 /* CoreGraphics.framework in Frameworks */,
				3F976C9D1ACA6393004573AB /* CoreMotion.framework in Frameworks */,
				3F976C981ACA3BE6004573AB /* CoreLocation.framework in Frameworks */,
			);
			runOnlyForDeploymentPostprocessing = 0;
		};
		EE83EE3D1A9A686C006B3BBF /* Frameworks */ = {
			isa = PBXFrameworksBuildPhase;
			buildActionMask = 2147483647;
			files = (
			);
			runOnlyForDeploymentPostprocessing = 0;
		};
/* End PBXFrameworksBuildPhase section */

/* Begin PBXGroup section */
		EE83EE1B1A9A686C006B3BBF = {
			isa = PBXGroup;
			children = (
				3FE8873D1ACB9F4B00BDBCD1 /* CoreGraphics.framework */,
				3F976C9C1ACA6393004573AB /* CoreMotion.framework */,
				3F976C971ACA3BE6004573AB /* CoreLocation.framework */,
				EE83EE261A9A686C006B3BBF /* RichPresence */,
				EE83EE431A9A686C006B3BBF /* RichPresenceTests */,
				EE83EE251A9A686C006B3BBF /* Products */,
			);
			sourceTree = "<group>";
		};
		EE83EE251A9A686C006B3BBF /* Products */ = {
			isa = PBXGroup;
			children = (
				EE83EE241A9A686C006B3BBF /* RichPresence.app */,
				EE83EE401A9A686C006B3BBF /* RichPresenceTests.xctest */,
			);
			name = Products;
			sourceTree = "<group>";
		};
		EE83EE261A9A686C006B3BBF /* RichPresence */ = {
			isa = PBXGroup;
			children = (
				EE83EE2B1A9A686C006B3BBF /* AppDelegate.h */,
				EE83EE2C1A9A686C006B3BBF /* AppDelegate.m */,
				EE83EE2E1A9A686C006B3BBF /* MasterViewController.h */,
				EE83EE2F1A9A686C006B3BBF /* MasterViewController.m */,
				EE83EE311A9A686C006B3BBF /* DetailViewController.h */,
				EE83EE321A9A686C006B3BBF /* DetailViewController.m */,
				EE83EE341A9A686C006B3BBF /* Main.storyboard */,
				EE8622A51AE0AEEE008D649D /* SignupViewController.h */,
				EE8622A61AE0AEEE008D649D /* SignupViewController.m */,
				EE83EE371A9A686C006B3BBF /* Images.xcassets */,
				EE71CC181ACCE18F00DEA449 /* LoginViewController.h */,
				EE71CC191ACCE18F00DEA449 /* LoginViewController.m */,
				EE83EE391A9A686C006B3BBF /* LaunchScreen.xib */,
				EE83EE271A9A686C006B3BBF /* Supporting Files */,
				EE47596F1AC8E57B00AD43D9 /* MeDetailViewController.h */,
				EE4759701AC8E57B00AD43D9 /* MeDetailViewController.m */,
				3F976C941ACA3A9C004573AB /* getSN.m */,
				3F976C961ACA3ABF004573AB /* getSN.h */,
				3F976C991ACA3C03004573AB /* getLocation.h */,
				3F976C9A1ACA3C13004573AB /* getLocation.m */,
			);
			path = RichPresence;
			sourceTree = "<group>";
		};
		EE83EE271A9A686C006B3BBF /* Supporting Files */ = {
			isa = PBXGroup;
			children = (
				EE85F2FF1ACE3EDB0003A9A3 /* logo.png */,
				EE85F2FD1ACE3B2E0003A9A3 /* back6.png */,
				EE85F2F91ACE2D8A0003A9A3 /* back5.png */,
				EE85F2F71ACE25770003A9A3 /* back4.png */,
				EE71CC1E1ACCF40D00DEA449 /* Info.png */,
				EE71CC161ACCDE1700DEA449 /* back3.jpeg */,
				EE71CC141ACCDA7700DEA449 /* mc.png */,
				EE71CC121ACCD55A00DEA449 /* back2.jpg */,
				EE71CC101ACCD26E00DEA449 /* back1.jpg */,
				EE71CC0A1ACCD15B00DEA449 /* os8fo.png */,
				EE71CC0B1ACCD15B00DEA449 /* blankbutton.png */,
				EE71CC0C1ACCD15B00DEA449 /* orange button.png */,
				EE5C1CFC1A9BE02B003AFF8D /* me.png */,
				EE5C1CFA1A9BDAF2003AFF8D /* profile.png */,
				EE5C1CF81A9BD923003AFF8D /* Vanamo_Logo.png */,
				EE5C1CF41A9B92B3003AFF8D /* splash.png */,
				EE83EE281A9A686C006B3BBF /* Info.plist */,
				EE83EE291A9A686C006B3BBF /* main.m */,
			);
			name = "Supporting Files";
			sourceTree = "<group>";
		};
		EE83EE431A9A686C006B3BBF /* RichPresenceTests */ = {
			isa = PBXGroup;
			children = (
				EE83EE461A9A686C006B3BBF /* RichPresenceTests.m */,
				EE83EE441A9A686C006B3BBF /* Supporting Files */,
			);
			path = RichPresenceTests;
			sourceTree = "<group>";
		};
		EE83EE441A9A686C006B3BBF /* Supporting Files */ = {
			isa = PBXGroup;
			children = (
				EE83EE451A9A686C006B3BBF /* Info.plist */,
			);
			name = "Supporting Files";
			sourceTree = "<group>";
		};
/* End PBXGroup section */

/* Begin PBXNativeTarget section */
		EE83EE231A9A686C006B3BBF /* RichPresence */ = {
			isa = PBXNativeTarget;
			buildConfigurationList = EE83EE4A1A9A686C006B3BBF /* Build configuration list for PBXNativeTarget "RichPresence" */;
			buildPhases = (
				EE83EE201A9A686C006B3BBF /* Sources */,
				EE83EE211A9A686C006B3BBF /* Frameworks */,
				EE83EE221A9A686C006B3BBF /* Resources */,
			);
			buildRules = (
			);
			dependencies = (
			);
			name = RichPresence;
			productName = RichPresence;
			productReference = EE83EE241A9A686C006B3BBF /* RichPresence.app */;
			productType = "com.apple.product-type.application";
		};
		EE83EE3F1A9A686C006B3BBF /* RichPresenceTests */ = {
			isa = PBXNativeTarget;
			buildConfigurationList = EE83EE4D1A9A686C006B3BBF /* Build configuration list for PBXNativeTarget "RichPresenceTests" */;
			buildPhases = (
				EE83EE3C1A9A686C006B3BBF /* Sources */,
				EE83EE3D1A9A686C006B3BBF /* Frameworks */,
				EE83EE3E1A9A686C006B3BBF /* Resources */,
			);
			buildRules = (
			);
			dependencies = (
				EE83EE421A9A686C006B3BBF /* PBXTargetDependency */,
			);
			name = RichPresenceTests;
			productName = RichPresenceTests;
			productReference = EE83EE401A9A686C006B3BBF /* RichPresenceTests.xctest */;
			productType = "com.apple.product-type.bundle.unit-test";
		};
/* End PBXNativeTarget section */

/* Begin PBXProject section */
		EE83EE1C1A9A686C006B3BBF /* Project object */ = {
			isa = PBXProject;
			attributes = {
				LastUpgradeCheck = 0610;
				ORGANIZATIONNAME = "Jensen Wan";
				TargetAttributes = {
					EE83EE231A9A686C006B3BBF = {
						CreatedOnToolsVersion = 6.1.1;
						DevelopmentTeam = 2HAP75936G;
					};
					EE83EE3F1A9A686C006B3BBF = {
						CreatedOnToolsVersion = 6.1.1;
						DevelopmentTeam = 2HAP75936G;
						TestTargetID = EE83EE231A9A686C006B3BBF;
					};
				};
			};
			buildConfigurationList = EE83EE1F1A9A686C006B3BBF /* Build configuration list for PBXProject "RichPresence" */;
			compatibilityVersion = "Xcode 3.2";
			developmentRegion = English;
			hasScannedForEncodings = 0;
			knownRegions = (
				en,
				Base,
			);
			mainGroup = EE83EE1B1A9A686C006B3BBF;
			productRefGroup = EE83EE251A9A686C006B3BBF /* Products */;
			projectDirPath = "";
			projectRoot = "";
			targets = (
				EE83EE231A9A686C006B3BBF /* RichPresence */,
				EE83EE3F1A9A686C006B3BBF /* RichPresenceTests */,
			);
		};
/* End PBXProject section */

/* Begin PBXResourcesBuildPhase section */
		EE83EE221A9A686C006B3BBF /* Resources */ = {
			isa = PBXResourcesBuildPhase;
			buildActionMask = 2147483647;
			files = (
				EE71CC151ACCDA7700DEA449 /* mc.png in Resources */,
				EE85F2F81ACE25770003A9A3 /* back4.png in Resources */,
				EE71CC0F1ACCD15B00DEA449 /* orange button.png in Resources */,
				EE85F2FA1ACE2D8A0003A9A3 /* back5.png in Resources */,
				EE71CC171ACCDE1700DEA449 /* back3.jpeg in Resources */,
				EE5C1CF51A9B92B3003AFF8D /* splash.png in Resources */,
				EE5C1CFB1A9BDAF2003AFF8D /* profile.png in Resources */,
				EE71CC131ACCD55A00DEA449 /* back2.jpg in Resources */,
				EE83EE361A9A686C006B3BBF /* Main.storyboard in Resources */,
				EE85F2FE1ACE3B2E0003A9A3 /* back6.png in Resources */,
				EE71CC0D1ACCD15B00DEA449 /* os8fo.png in Resources */,
				EE83EE3B1A9A686C006B3BBF /* LaunchScreen.xib in Resources */,
				EE85F3001ACE3EDB0003A9A3 /* logo.png in Resources */,
				EE71CC0E1ACCD15B00DEA449 /* blankbutton.png in Resources */,
				EE5C1CF91A9BD923003AFF8D /* Vanamo_Logo.png in Resources */,
				EE71CC111ACCD26E00DEA449 /* back1.jpg in Resources */,
				EE71CC1F1ACCF40D00DEA449 /* Info.png in Resources */,
				EE83EE381A9A686C006B3BBF /* Images.xcassets in Resources */,
				EE5C1CFD1A9BE02B003AFF8D /* me.png in Resources */,
			);
			runOnlyForDeploymentPostprocessing = 0;
		};
		EE83EE3E1A9A686C006B3BBF /* Resources */ = {
			isa = PBXResourcesBuildPhase;
			buildActionMask = 2147483647;
			files = (
			);
			runOnlyForDeploymentPostprocessing = 0;
		};
/* End PBXResourcesBuildPhase section */

/* Begin PBXSourcesBuildPhase section */
		EE83EE201A9A686C006B3BBF /* Sources */ = {
			isa = PBXSourcesBuildPhase;
			buildActionMask = 2147483647;
			files = (
				EE71CC1A1ACCE18F00DEA449 /* LoginViewController.m in Sources */,
				EE4759711AC8E57B00AD43D9 /* MeDetailViewController.m in Sources */,
				EE83EE2D1A9A686C006B3BBF /* AppDelegate.m in Sources */,
				EE8622A71AE0AEEE008D649D /* SignupViewController.m in Sources */,
				EE83EE301A9A686C006B3BBF /* MasterViewController.m in Sources */,
				3F976C951ACA3A9C004573AB /* getSN.m in Sources */,
				3F976C9B1ACA3C13004573AB /* getLocation.m in Sources */,
				EE83EE2A1A9A686C006B3BBF /* main.m in Sources */,
				EE83EE331A9A686C006B3BBF /* DetailViewController.m in Sources */,
			);
			runOnlyForDeploymentPostprocessing = 0;
		};
		EE83EE3C1A9A686C006B3BBF /* Sources */ = {
			isa = PBXSourcesBuildPhase;
			buildActionMask = 2147483647;
			files = (
				EE83EE471A9A686C006B3BBF /* RichPresenceTests.m in Sources */,
			);
			runOnlyForDeploymentPostprocessing = 0;
		};
/* End PBXSourcesBuildPhase section */

/* Begin PBXTargetDependency section */
		EE83EE421A9A686C006B3BBF /* PBXTargetDependency */ = {
			isa = PBXTargetDependency;
			target = EE83EE231A9A686C006B3BBF /* RichPresence */;
			targetProxy = EE83EE411A9A686C006B3BBF /* PBXContainerItemProxy */;
		};
/* End PBXTargetDependency section */

/* Begin PBXVariantGroup section */
		EE83EE341A9A686C006B3BBF /* Main.storyboard */ = {
			isa = PBXVariantGroup;
			children = (
				EE83EE351A9A686C006B3BBF /* Base */,
			);
			name = Main.storyboard;
			sourceTree = "<group>";
		};
		EE83EE391A9A686C006B3BBF /* LaunchScreen.xib */ = {
			isa = PBXVariantGroup;
			children = (
				EE83EE3A1A9A686C006B3BBF /* Base */,
			);
			name = LaunchScreen.xib;
			sourceTree = "<group>";
		};
/* End PBXVariantGroup section */

/* Begin XCBuildConfiguration section */
		EE83EE481A9A686C006B3BBF /* Debug */ = {
			isa = XCBuildConfiguration;
			buildSettings = {
				ALWAYS_SEARCH_USER_PATHS = NO;
				CLANG_CXX_LANGUAGE_STANDARD = "gnu++0x";
				CLANG_CXX_LIBRARY = "libc++";
				CLANG_ENABLE_MODULES = YES;
				CLANG_ENABLE_OBJC_ARC = YES;
				CLANG_WARN_BOOL_CONVERSION = YES;
				CLANG_WARN_CONSTANT_CONVERSION = YES;
				CLANG_WARN_DIRECT_OBJC_ISA_USAGE = YES_ERROR;
				CLANG_WARN_EMPTY_BODY = YES;
				CLANG_WARN_ENUM_CONVERSION = YES;
				CLANG_WARN_INT_CONVERSION = YES;
				CLANG_WARN_OBJC_ROOT_CLASS = YES_ERROR;
				CLANG_WARN_UNREACHABLE_CODE = YES;
				CLANG_WARN__DUPLICATE_METHOD_MATCH = YES;
				"CODE_SIGN_IDENTITY[sdk=iphoneos*]" = "iPhone Developer";
				COPY_PHASE_STRIP = NO;
				ENABLE_STRICT_OBJC_MSGSEND = YES;
				GCC_C_LANGUAGE_STANDARD = gnu99;
				GCC_DYNAMIC_NO_PIC = NO;
				GCC_OPTIMIZATION_LEVEL = 0;
				GCC_PREPROCESSOR_DEFINITIONS = (
					"DEBUG=1",
					"$(inherited)",
				);
				GCC_SYMBOLS_PRIVATE_EXTERN = NO;
				GCC_WARN_64_TO_32_BIT_CONVERSION = YES;
				GCC_WARN_ABOUT_RETURN_TYPE = YES_ERROR;
				GCC_WARN_UNDECLARED_SELECTOR = YES;
				GCC_WARN_UNINITIALIZED_AUTOS = YES_AGGRESSIVE;
				GCC_WARN_UNUSED_FUNCTION = YES;
				GCC_WARN_UNUSED_VARIABLE = YES;
				IPHONEOS_DEPLOYMENT_TARGET = 8.1;
				MTL_ENABLE_DEBUG_INFO = YES;
				ONLY_ACTIVE_ARCH = YES;
				SDKROOT = iphoneos;
			};
			name = Debug;
		};
		EE83EE491A9A686C006B3BBF /* Release */ = {
			isa = XCBuildConfiguration;
			buildSettings = {
				ALWAYS_SEARCH_USER_PATHS = NO;
				CLANG_CXX_LANGUAGE_STANDARD = "gnu++0x";
				CLANG_CXX_LIBRARY = "libc++";
				CLANG_ENABLE_MODULES = YES;
				CLANG_ENABLE_OBJC_ARC = YES;
				CLANG_WARN_BOOL_CONVERSION = YES;
				CLANG_WARN_CONSTANT_CONVERSION = YES;
				CLANG_WARN_DIRECT_OBJC_ISA_USAGE = YES_ERROR;
				CLANG_WARN_EMPTY_BODY = YES;
				CLANG_WARN_ENUM_CONVERSION = YES;
				CLANG_WARN_INT_CONVERSION = YES;
				CLANG_WARN_OBJC_ROOT_CLASS = YES_ERROR;
				CLANG_WARN_UNREACHABLE_CODE = YES;
				CLANG_WARN__DUPLICATE_METHOD_MATCH = YES;
				"CODE_SIGN_IDENTITY[sdk=iphoneos*]" = "iPhone Developer";
				COPY_PHASE_STRIP = YES;
				ENABLE_NS_ASSERTIONS = NO;
				ENABLE_STRICT_OBJC_MSGSEND = YES;
				GCC_C_LANGUAGE_STANDARD = gnu99;
				GCC_WARN_64_TO_32_BIT_CONVERSION = YES;
				GCC_WARN_ABOUT_RETURN_TYPE = YES_ERROR;
				GCC_WARN_UNDECLARED_SELECTOR = YES;
				GCC_WARN_UNINITIALIZED_AUTOS = YES_AGGRESSIVE;
				GCC_WARN_UNUSED_FUNCTION = YES;
				GCC_WARN_UNUSED_VARIABLE = YES;
				IPHONEOS_DEPLOYMENT_TARGET = 8.1;
				MTL_ENABLE_DEBUG_INFO = NO;
				SDKROOT = iphoneos;
				VALIDATE_PRODUCT = YES;
			};
			name = Release;
		};
		EE83EE4B1A9A686C006B3BBF /* Debug */ = {
			isa = XCBuildConfiguration;
			buildSettings = {
				ASSETCATALOG_COMPILER_APPICON_NAME = AppIcon;
				CODE_SIGN_IDENTITY = "iPhone Developer";
				INFOPLIST_FILE = RichPresence/Info.plist;
				LD_RUNPATH_SEARCH_PATHS = "$(inherited) @executable_path/Frameworks";
				PRODUCT_NAME = "$(TARGET_NAME)";
			};
			name = Debug;
		};
		EE83EE4C1A9A686C006B3BBF /* Release */ = {
			isa = XCBuildConfiguration;
			buildSettings = {
				ASSETCATALOG_COMPILER_APPICON_NAME = AppIcon;
				CODE_SIGN_IDENTITY = "iPhone Developer";
				INFOPLIST_FILE = RichPresence/Info.plist;
				LD_RUNPATH_SEARCH_PATHS = "$(inherited) @executable_path/Frameworks";
				PRODUCT_NAME = "$(TARGET_NAME)";
			};
			name = Release;
		};
		EE83EE4E1A9A686C006B3BBF /* Debug */ = {
			isa = XCBuildConfiguration;
			buildSettings = {
				BUNDLE_LOADER = "$(TEST_HOST)";
				FRAMEWORK_SEARCH_PATHS = (
					"$(SDKROOT)/Developer/Library/Frameworks",
					"$(inherited)",
				);
				GCC_PREPROCESSOR_DEFINITIONS = (
					"DEBUG=1",
					"$(inherited)",
				);
				INFOPLIST_FILE = RichPresenceTests/Info.plist;
				LD_RUNPATH_SEARCH_PATHS = "$(inherited) @executable_path/Frameworks @loader_path/Frameworks";
				PRODUCT_NAME = "$(TARGET_NAME)";
				TEST_HOST = "$(BUILT_PRODUCTS_DIR)/RichPresence.app/RichPresence";
			};
			name = Debug;
		};
		EE83EE4F1A9A686C006B3BBF /* Release */ = {
			isa = XCBuildConfiguration;
			buildSettings = {
				BUNDLE_LOADER = "$(TEST_HOST)";
				FRAMEWORK_SEARCH_PATHS = (
					"$(SDKROOT)/Developer/Library/Frameworks",
					"$(inherited)",
				);
				INFOPLIST_FILE = RichPresenceTests/Info.plist;
				LD_RUNPATH_SEARCH_PATHS = "$(inherited) @executable_path/Frameworks @loader_path/Frameworks";
				PRODUCT_NAME = "$(TARGET_NAME)";
				TEST_HOST = "$(BUILT_PRODUCTS_DIR)/RichPresence.app/RichPresence";
			};
			name = Release;
		};
/* End XCBuildConfiguration section */

/* Begin XCConfigurationList section */
		EE83EE1F1A9A686C006B3BBF /* Build configuration list for PBXProject "RichPresence" */ = {
			isa = XCConfigurationList;
			buildConfigurations = (
				EE83EE481A9A686C006B3BBF /* Debug */,
				EE83EE491A9A686C006B3BBF /* Release */,
			);
			defaultConfigurationIsVisible = 0;
			defaultConfigurationName = Release;
		};
		EE83EE4A1A9A686C006B3BBF /* Build configuration list for PBXNativeTarget "RichPresence" */ = {
			isa = XCConfigurationList;
			buildConfigurations = (
				EE83EE4B1A9A686C006B3BBF /* Debug */,
				EE83EE4C1A9A686C006B3BBF /* Release */,
			);
			defaultConfigurationIsVisible = 0;
			defaultConfigurationName = Release;
		};
		EE83EE4D1A9A686C006B3BBF /* Build configuration list for PBXNativeTarget "RichPresenceTests" */ = {
			isa = XCConfigurationList;
			buildConfigurations = (
				EE83EE4E1A9A686C006B3BBF /* Debug */,
				EE83EE4F1A9A686C006B3BBF /* Release */,
			);
			defaultConfigurationIsVisible = 0;
			defaultConfigurationName = Release;
		};
/* End XCConfigurationList section */
	};
	rootObject = EE83EE1C1A9A686C006B3BBF /* Project object */;
}
